
Microsoft Visual Studio Solution File, Format Version 12.00
# Visual Studio Version 17
VisualStudioVersion = 17.2.32519.379
MinimumVisualStudioVersion = 10.0.40219.1
Project("{FAE04EC0-301F-11D3-BF4B-00C04F79EFBC}") = "Demo", "Demo\Demo.csproj", "{D0B6A925-7915-469D-8E3D-612FE1182BBD}"
EndProject
Global
	GlobalSection(SolutionConfigurationPlatforms) = preSolution
		Debug|Any CPU = Debug|Any CPU
		Release|Any CPU = Release|Any CPU
	EndGlobalSection
	GlobalSection(ProjectConfigurationPlatforms) = postSolution
		{D0B6A925-7915-469D-8E3D-612FE1182BBD}.Debug|Any CPU.ActiveCfg = Debug|Any CPU
		{D0B6A925-7915-469D-8E3D-612FE1182BBD}.Debug|Any CPU.Build.0 = Debug|Any CPU
		{D0B6A925-7915-469D-8E3D-612FE1182BBD}.Release|Any CPU.ActiveCfg = Release|Any CPU
		{D0B6A925-7915-469D-8E3D-612FE1182BBD}.Release|Any CPU.Build.0 = Release|Any CPU
	EndGlobalSection
	GlobalSection(SolutionProperties) = preSolution
		HideSolutionNode = FALSE
	EndGlobalSection
	GlobalSection(ExtensibilityGlobals) = postSolution
		SolutionGuid = {BEF03F90-227F-4413-B5F0-494EF3F04E78}
	EndGlobalSection
EndGlobal
