
Microsoft Visual Studio Solution File, Format Version 12.00
# Visual Studio Version 17
VisualStudioVersion = 17.2.32519.379
MinimumVisualStudioVersion = 10.0.40219.1
Project("{FAE04EC0-301F-11D3-BF4B-00C04F79EFBC}") = "OperatorOverload", "OperatorOverload\OperatorOverload.csproj", "{5FF4C77F-123B-4E58-B9FF-1005A1419441}"
EndProject
Global
	GlobalSection(SolutionConfigurationPlatforms) = preSolution
		Debug|Any CPU = Debug|Any CPU
		Release|Any CPU = Release|Any CPU
	EndGlobalSection
	GlobalSection(ProjectConfigurationPlatforms) = postSolution
		{5FF4C77F-123B-4E58-B9FF-1005A1419441}.Debug|Any CPU.ActiveCfg = Debug|Any CPU
		{5FF4C77F-123B-4E58-B9FF-1005A1419441}.Debug|Any CPU.Build.0 = Debug|Any CPU
		{5FF4C77F-123B-4E58-B9FF-1005A1419441}.Release|Any CPU.ActiveCfg = Release|Any CPU
		{5FF4C77F-123B-4E58-B9FF-1005A1419441}.Release|Any CPU.Build.0 = Release|Any CPU
	EndGlobalSection
	GlobalSection(SolutionProperties) = preSolution
		HideSolutionNode = FALSE
	EndGlobalSection
	GlobalSection(ExtensibilityGlobals) = postSolution
		SolutionGuid = {B805A49F-0EE6-4C17-B82D-4B50B0C2210C}
	EndGlobalSection
EndGlobal
