
Microsoft Visual Studio Solution File, Format Version 12.00
# Visual Studio Version 17
VisualStudioVersion = 17.2.32516.85
MinimumVisualStudioVersion = 10.0.40219.1
Project("{FAE04EC0-301F-11D3-BF4B-00C04F79EFBC}") = "MediatorPattern", "MediatorPattern\MediatorPattern.csproj", "{7B97A796-2D3C-48C7-8A08-82E0AAB4E3C3}"
EndProject
Global
	GlobalSection(SolutionConfigurationPlatforms) = preSolution
		Debug|Any CPU = Debug|Any CPU
		Release|Any CPU = Release|Any CPU
	EndGlobalSection
	GlobalSection(ProjectConfigurationPlatforms) = postSolution
		{7B97A796-2D3C-48C7-8A08-82E0AAB4E3C3}.Debug|Any CPU.ActiveCfg = Debug|Any CPU
		{7B97A796-2D3C-48C7-8A08-82E0AAB4E3C3}.Debug|Any CPU.Build.0 = Debug|Any CPU
		{7B97A796-2D3C-48C7-8A08-82E0AAB4E3C3}.Release|Any CPU.ActiveCfg = Release|Any CPU
		{7B97A796-2D3C-48C7-8A08-82E0AAB4E3C3}.Release|Any CPU.Build.0 = Release|Any CPU
	EndGlobalSection
	GlobalSection(SolutionProperties) = preSolution
		HideSolutionNode = FALSE
	EndGlobalSection
	GlobalSection(ExtensibilityGlobals) = postSolution
		SolutionGuid = {70BDACAE-451F-46C2-B0BC-E79296D3CA7A}
	EndGlobalSection
EndGlobal
