
Microsoft Visual Studio Solution File, Format Version 12.00
# Visual Studio Version 17
VisualStudioVersion = 17.2.32516.85
MinimumVisualStudioVersion = 10.0.40219.1
Project("{FAE04EC0-301F-11D3-BF4B-00C04F79EFBC}") = "CommandDesignPattern", "CommandDesignPattern\CommandDesignPattern.csproj", "{D8CCD3A4-561B-45C9-BE5A-DAE912F230D5}"
EndProject
Global
	GlobalSection(SolutionConfigurationPlatforms) = preSolution
		Debug|Any CPU = Debug|Any CPU
		Release|Any CPU = Release|Any CPU
	EndGlobalSection
	GlobalSection(ProjectConfigurationPlatforms) = postSolution
		{D8CCD3A4-561B-45C9-BE5A-DAE912F230D5}.Debug|Any CPU.ActiveCfg = Debug|Any CPU
		{D8CCD3A4-561B-45C9-BE5A-DAE912F230D5}.Debug|Any CPU.Build.0 = Debug|Any CPU
		{D8CCD3A4-561B-45C9-BE5A-DAE912F230D5}.Release|Any CPU.ActiveCfg = Release|Any CPU
		{D8CCD3A4-561B-45C9-BE5A-DAE912F230D5}.Release|Any CPU.Build.0 = Release|Any CPU
	EndGlobalSection
	GlobalSection(SolutionProperties) = preSolution
		HideSolutionNode = FALSE
	EndGlobalSection
	GlobalSection(ExtensibilityGlobals) = postSolution
		SolutionGuid = {ADBF8144-24D9-46D6-9F4F-242D9CD6093F}
	EndGlobalSection
EndGlobal
