
Microsoft Visual Studio Solution File, Format Version 12.00
# Visual Studio Version 17
VisualStudioVersion = 17.2.32519.379
MinimumVisualStudioVersion = 10.0.40219.1
Project("{FAE04EC0-301F-11D3-BF4B-00C04F79EFBC}") = "Association", "Association\Association.csproj", "{5DB3AD8D-F3D1-4E4C-8D14-1E543418A928}"
EndProject
Global
	GlobalSection(SolutionConfigurationPlatforms) = preSolution
		Debug|Any CPU = Debug|Any CPU
		Release|Any CPU = Release|Any CPU
	EndGlobalSection
	GlobalSection(ProjectConfigurationPlatforms) = postSolution
		{5DB3AD8D-F3D1-4E4C-8D14-1E543418A928}.Debug|Any CPU.ActiveCfg = Debug|Any CPU
		{5DB3AD8D-F3D1-4E4C-8D14-1E543418A928}.Debug|Any CPU.Build.0 = Debug|Any CPU
		{5DB3AD8D-F3D1-4E4C-8D14-1E543418A928}.Release|Any CPU.ActiveCfg = Release|Any CPU
		{5DB3AD8D-F3D1-4E4C-8D14-1E543418A928}.Release|Any CPU.Build.0 = Release|Any CPU
	EndGlobalSection
	GlobalSection(SolutionProperties) = preSolution
		HideSolutionNode = FALSE
	EndGlobalSection
	GlobalSection(ExtensibilityGlobals) = postSolution
		SolutionGuid = {BA134A16-5FB0-49DD-A098-0ACDD6268B5E}
	EndGlobalSection
EndGlobal
