
Microsoft Visual Studio Solution File, Format Version 12.00
# Visual Studio Version 17
VisualStudioVersion = 17.2.32516.85
MinimumVisualStudioVersion = 10.0.40219.1
Project("{FAE04EC0-301F-11D3-BF4B-00C04F79EFBC}") = "ConsoleApp1", "ConsoleApp1\ConsoleApp1.csproj", "{E331F5C0-BA80-42E7-81A8-BAA25A1FF7AC}"
EndProject
Global
	GlobalSection(SolutionConfigurationPlatforms) = preSolution
		Debug|Any CPU = Debug|Any CPU
		Release|Any CPU = Release|Any CPU
	EndGlobalSection
	GlobalSection(ProjectConfigurationPlatforms) = postSolution
		{E331F5C0-BA80-42E7-81A8-BAA25A1FF7AC}.Debug|Any CPU.ActiveCfg = Debug|Any CPU
		{E331F5C0-BA80-42E7-81A8-BAA25A1FF7AC}.Debug|Any CPU.Build.0 = Debug|Any CPU
		{E331F5C0-BA80-42E7-81A8-BAA25A1FF7AC}.Release|Any CPU.ActiveCfg = Release|Any CPU
		{E331F5C0-BA80-42E7-81A8-BAA25A1FF7AC}.Release|Any CPU.Build.0 = Release|Any CPU
	EndGlobalSection
	GlobalSection(SolutionProperties) = preSolution
		HideSolutionNode = FALSE
	EndGlobalSection
	GlobalSection(ExtensibilityGlobals) = postSolution
		SolutionGuid = {DDD41D0C-F71B-4E34-973D-5242AB3E415F}
	EndGlobalSection
EndGlobal
